{
  "name": "networkdiagnosistool",
  "version": "1.0.0",
  "lockfileVersion": 3,
  "requires": true,
  "packages": {
    "": {
      "name": "networkdiagnosistool",
      "version": "1.0.0",
      "license": "ISC",
      "dependencies": {
        "mtr": "^0.2.1"
      }
    },
    "node_modules/mtr": {
      "version": "0.2.1",
      "resolved": "https://registry.npmjs.org/mtr/-/mtr-0.2.1.tgz",
      "integrity": "sha512-Tb4Ekp2x9CKCsKDwgeFX+S+OO3i7PZX42WDAHgmiZURz5s8eup9heCNgP1HBn65z2tFthpk346dfjcmc3YaQsA==",
      "engines": {
        "node": ">= 0.6.0 && < 0.11.0"
      }
    }
  }
}
